// !$*UTF8*$!
{
	archiveVersion = 1;
	classes = {
	};
	objectVersion = 48;
	objects = {

/* Begin PBXBuildFile section */
		4B2C42FE206BB2DF00415827 /* NotifyingCanvasView.swift in Sources */ = {isa = PBXBuildFile; fileRef = 4B2C42FD206BB2DF00415827 /* NotifyingCanvasView.swift */; };
		4B5AB9AA20698F6900F81A8E /* Annotations.swift in Sources */ = {isa = PBXBuildFile; fileRef = 4B5AB9A920698F6900F81A8E /* Annotations.swift */; };
		4B67F86820977B5C00327FAA /* Readme.markdown in Resources */ = {isa = PBXBuildFile; fileRef = 4B67F86720977B5C00327FAA /* Readme.markdown */; };
		4B8A2DB820651C91005B9223 /* AppDelegate.swift in Sources */ = {isa = PBXBuildFile; fileRef = 4B8A2DB720651C91005B9223 /* AppDelegate.swift */; };
		4B8A2DBA20651C91005B9223 /* ViewController.swift in Sources */ = {isa = PBXBuildFile; fileRef = 4B8A2DB920651C91005B9223 /* ViewController.swift */; };
		4B8A2DBD20651C91005B9223 /* Main.storyboard in Resources */ = {isa = PBXBuildFile; fileRef = 4B8A2DBB20651C91005B9223 /* Main.storyboard */; };
		4B8A2DBF20651C91005B9223 /* Assets.xcassets in Resources */ = {isa = PBXBuildFile; fileRef = 4B8A2DBE20651C91005B9223 /* Assets.xcassets */; };
		4B8A2DC220651C91005B9223 /* LaunchScreen.storyboard in Resources */ = {isa = PBXBuildFile; fileRef = 4B8A2DC020651C91005B9223 /* LaunchScreen.storyboard */; };
		4B8A2DCD20651C91005B9223 /* DrawingInteractionsTests.swift in Sources */ = {isa = PBXBuildFile; fileRef = 4B8A2DCC20651C91005B9223 /* DrawingInteractionsTests.swift */; };
		4B8A2DD820652AC5005B9223 /* VideoView.swift in Sources */ = {isa = PBXBuildFile; fileRef = 4B8A2DD720652AC5005B9223 /* VideoView.swift */; };
		4B8A2DDA206533AE005B9223 /* testvideo.mov in Resources */ = {isa = PBXBuildFile; fileRef = 4B8A2DD9206533AE005B9223 /* testvideo.mov */; };
		4B8A2DDC2065502A005B9223 /* VideoTimelineView.swift in Sources */ = {isa = PBXBuildFile; fileRef = 4B8A2DDB2065502A005B9223 /* VideoTimelineView.swift */; };
		4B989A712068E9FB0070C438 /* CanvasView.swift in Sources */ = {isa = PBXBuildFile; fileRef = 4B989A6F2068E9FB0070C438 /* CanvasView.swift */; };
		4B989A722068E9FB0070C438 /* Line.swift in Sources */ = {isa = PBXBuildFile; fileRef = 4B989A702068E9FB0070C438 /* Line.swift */; };
/* End PBXBuildFile section */

/* Begin PBXContainerItemProxy section */
		4B8A2DC920651C91005B9223 /* PBXContainerItemProxy */ = {
			isa = PBXContainerItemProxy;
			containerPortal = 4B8A2DAC20651C91005B9223 /* Project object */;
			proxyType = 1;
			remoteGlobalIDString = 4B8A2DB320651C91005B9223;
			remoteInfo = DrawingInteractions;
		};
/* End PBXContainerItemProxy section */

/* Begin PBXFileReference section */
		4B2C42FD206BB2DF00415827 /* NotifyingCanvasView.swift */ = {isa = PBXFileReference; lastKnownFileType = sourcecode.swift; path = NotifyingCanvasView.swift; sourceTree = "<group>"; };
		4B5AB9A920698F6900F81A8E /* Annotations.swift */ = {isa = PBXFileReference; lastKnownFileType = sourcecode.swift; path = Annotations.swift; sourceTree = "<group>"; };
		4B67F86720977B5C00327FAA /* Readme.markdown */ = {isa = PBXFileReference; fileEncoding = 4; lastKnownFileType = net.daringfireball.markdown; path = Readme.markdown; sourceTree = "<group>"; };
		4B8A2DB420651C91005B9223 /* DrawingInteractions.app */ = {isa = PBXFileReference; explicitFileType = wrapper.application; includeInIndex = 0; path = DrawingInteractions.app; sourceTree = BUILT_PRODUCTS_DIR; };
		4B8A2DB720651C91005B9223 /* AppDelegate.swift */ = {isa = PBXFileReference; lastKnownFileType = sourcecode.swift; path = AppDelegate.swift; sourceTree = "<group>"; };
		4B8A2DB920651C91005B9223 /* ViewController.swift */ = {isa = PBXFileReference; lastKnownFileType = sourcecode.swift; path = ViewController.swift; sourceTree = "<group>"; };
		4B8A2DBC20651C91005B9223 /* Base */ = {isa = PBXFileReference; lastKnownFileType = file.storyboard; name = Base; path = Base.lproj/Main.storyboard; sourceTree = "<group>"; };
		4B8A2DBE20651C91005B9223 /* Assets.xcassets */ = {isa = PBXFileReference; lastKnownFileType = folder.assetcatalog; path = Assets.xcassets; sourceTree = "<group>"; };
		4B8A2DC120651C91005B9223 /* Base */ = {isa = PBXFileReference; lastKnownFileType = file.storyboard; name = Base; path = Base.lproj/LaunchScreen.storyboard; sourceTree = "<group>"; };
		4B8A2DC320651C91005B9223 /* Info.plist */ = {isa = PBXFileReference; lastKnownFileType = text.plist.xml; path = Info.plist; sourceTree = "<group>"; };
		4B8A2DC820651C91005B9223 /* DrawingInteractionsTests.xctest */ = {isa = PBXFileReference; explicitFileType = wrapper.cfbundle; includeInIndex = 0; path = DrawingInteractionsTests.xctest; sourceTree = BUILT_PRODUCTS_DIR; };
		4B8A2DCC20651C91005B9223 /* DrawingInteractionsTests.swift */ = {isa = PBXFileReference; lastKnownFileType = sourcecode.swift; path = DrawingInteractionsTests.swift; sourceTree = "<group>"; };
		4B8A2DCE20651C91005B9223 /* Info.plist */ = {isa = PBXFileReference; lastKnownFileType = text.plist.xml; path = Info.plist; sourceTree = "<group>"; };
		4B8A2DD720652AC5005B9223 /* VideoView.swift */ = {isa = PBXFileReference; lastKnownFileType = sourcecode.swift; path = VideoView.swift; sourceTree = "<group>"; };
		4B8A2DD9206533AE005B9223 /* testvideo.mov */ = {isa = PBXFileReference; lastKnownFileType = video.quicktime; path = testvideo.mov; sourceTree = "<group>"; };
		4B8A2DDB2065502A005B9223 /* VideoTimelineView.swift */ = {isa = PBXFileReference; lastKnownFileType = sourcecode.swift; path = VideoTimelineView.swift; sourceTree = "<group>"; };
		4B989A6F2068E9FB0070C438 /* CanvasView.swift */ = {isa = PBXFileReference; fileEncoding = 4; lastKnownFileType = sourcecode.swift; path = CanvasView.swift; sourceTree = "<group>"; };
		4B989A702068E9FB0070C438 /* Line.swift */ = {isa = PBXFileReference; fileEncoding = 4; lastKnownFileType = sourcecode.swift; path = Line.swift; sourceTree = "<group>"; };
/* End PBXFileReference section */

/* Begin PBXFrameworksBuildPhase section */
		4B8A2DB120651C91005B9223 /* Frameworks */ = {
			isa = PBXFrameworksBuildPhase;
			buildActionMask = 2147483647;
			files = (
			);
			runOnlyForDeploymentPostprocessing = 0;
		};
		4B8A2DC520651C91005B9223 /* Frameworks */ = {
			isa = PBXFrameworksBuildPhase;
			buildActionMask = 2147483647;
			files = (
			);
			runOnlyForDeploymentPostprocessing = 0;
		};
/* End PBXFrameworksBuildPhase section */

/* Begin PBXGroup section */
		4B8A2DAB20651C91005B9223 = {
			isa = PBXGroup;
			children = (
				4B67F86720977B5C00327FAA /* Readme.markdown */,
				4B8A2DB620651C91005B9223 /* DrawingInteractions */,
				4B8A2DCB20651C91005B9223 /* DrawingInteractionsTests */,
				4B8A2DB520651C91005B9223 /* Products */,
			);
			sourceTree = "<group>";
		};
		4B8A2DB520651C91005B9223 /* Products */ = {
			isa = PBXGroup;
			children = (
				4B8A2DB420651C91005B9223 /* DrawingInteractions.app */,
				4B8A2DC820651C91005B9223 /* DrawingInteractionsTests.xctest */,
			);
			name = Products;
			sourceTree = "<group>";
		};
		4B8A2DB620651C91005B9223 /* DrawingInteractions */ = {
			isa = PBXGroup;
			children = (
				4B8A2DB720651C91005B9223 /* AppDelegate.swift */,
				4B8A2DB920651C91005B9223 /* ViewController.swift */,
				4B8A2DD720652AC5005B9223 /* VideoView.swift */,
				4B8A2DDB2065502A005B9223 /* VideoTimelineView.swift */,
				4B989A6F2068E9FB0070C438 /* CanvasView.swift */,
				4B2C42FD206BB2DF00415827 /* NotifyingCanvasView.swift */,
				4B989A702068E9FB0070C438 /* Line.swift */,
				4B5AB9A920698F6900F81A8E /* Annotations.swift */,
				4B8A2DBB20651C91005B9223 /* Main.storyboard */,
				4B8A2DBE20651C91005B9223 /* Assets.xcassets */,
				4B8A2DC020651C91005B9223 /* LaunchScreen.storyboard */,
				4B8A2DC320651C91005B9223 /* Info.plist */,
				4B8A2DD9206533AE005B9223 /* testvideo.mov */,
			);
			path = DrawingInteractions;
			sourceTree = "<group>";
		};
		4B8A2DCB20651C91005B9223 /* DrawingInteractionsTests */ = {
			isa = PBXGroup;
			children = (
				4B8A2DCC20651C91005B9223 /* DrawingInteractionsTests.swift */,
				4B8A2DCE20651C91005B9223 /* Info.plist */,
			);
			path = DrawingInteractionsTests;
			sourceTree = "<group>";
		};
/* End PBXGroup section */

/* Begin PBXNativeTarget section */
		4B8A2DB320651C91005B9223 /* DrawingInteractions */ = {
			isa = PBXNativeTarget;
			buildConfigurationList = 4B8A2DD120651C91005B9223 /* Build configuration list for PBXNativeTarget "DrawingInteractions" */;
			buildPhases = (
				4B8A2DB020651C91005B9223 /* Sources */,
				4B8A2DB120651C91005B9223 /* Frameworks */,
				4B8A2DB220651C91005B9223 /* Resources */,
			);
			buildRules = (
			);
			dependencies = (
			);
			name = DrawingInteractions;
			productName = DrawingInteractions;
			productReference = 4B8A2DB420651C91005B9223 /* DrawingInteractions.app */;
			productType = "com.apple.product-type.application";
		};
		4B8A2DC720651C91005B9223 /* DrawingInteractionsTests */ = {
			isa = PBXNativeTarget;
			buildConfigurationList = 4B8A2DD420651C91005B9223 /* Build configuration list for PBXNativeTarget "DrawingInteractionsTests" */;
			buildPhases = (
				4B8A2DC420651C91005B9223 /* Sources */,
				4B8A2DC520651C91005B9223 /* Frameworks */,
				4B8A2DC620651C91005B9223 /* Resources */,
			);
			buildRules = (
			);
			dependencies = (
				4B8A2DCA20651C91005B9223 /* PBXTargetDependency */,
			);
			name = DrawingInteractionsTests;
			productName = DrawingInteractionsTests;
			productReference = 4B8A2DC820651C91005B9223 /* DrawingInteractionsTests.xctest */;
			productType = "com.apple.product-type.bundle.unit-test";
		};
/* End PBXNativeTarget section */

/* Begin PBXProject section */
		4B8A2DAC20651C91005B9223 /* Project object */ = {
			isa = PBXProject;
			attributes = {
				LastSwiftUpdateCheck = 0920;
				LastUpgradeCheck = 0920;
				ORGANIZATIONNAME = "Toby Harris";
				TargetAttributes = {
					4B8A2DB320651C91005B9223 = {
						CreatedOnToolsVersion = 9.2;
						LastSwiftMigration = 1120;
						ProvisioningStyle = Automatic;
					};
					4B8A2DC720651C91005B9223 = {
						CreatedOnToolsVersion = 9.2;
						LastSwiftMigration = 1120;
						ProvisioningStyle = Automatic;
						TestTargetID = 4B8A2DB320651C91005B9223;
					};
				};
			};
			buildConfigurationList = 4B8A2DAF20651C91005B9223 /* Build configuration list for PBXProject "DrawingInteractions" */;
			compatibilityVersion = "Xcode 8.0";
			developmentRegion = en;
			hasScannedForEncodings = 0;
			knownRegions = (
				en,
				Base,
			);
			mainGroup = 4B8A2DAB20651C91005B9223;
			productRefGroup = 4B8A2DB520651C91005B9223 /* Products */;
			projectDirPath = "";
			projectRoot = "";
			targets = (
				4B8A2DB320651C91005B9223 /* DrawingInteractions */,
				4B8A2DC720651C91005B9223 /* DrawingInteractionsTests */,
			);
		};
/* End PBXProject section */

/* Begin PBXResourcesBuildPhase section */
		4B8A2DB220651C91005B9223 /* Resources */ = {
			isa = PBXResourcesBuildPhase;
			buildActionMask = 2147483647;
			files = (
				4B8A2DDA206533AE005B9223 /* testvideo.mov in Resources */,
				4B8A2DC220651C91005B9223 /* LaunchScreen.storyboard in Resources */,
				4B67F86820977B5C00327FAA /* Readme.markdown in Resources */,
				4B8A2DBF20651C91005B9223 /* Assets.xcassets in Resources */,
				4B8A2DBD20651C91005B9223 /* Main.storyboard in Resources */,
			);
			runOnlyForDeploymentPostprocessing = 0;
		};
		4B8A2DC620651C91005B9223 /* Resources */ = {
			isa = PBXResourcesBuildPhase;
			buildActionMask = 2147483647;
			files = (
			);
			runOnlyForDeploymentPostprocessing = 0;
		};
/* End PBXResourcesBuildPhase section */

/* Begin PBXSourcesBuildPhase section */
		4B8A2DB020651C91005B9223 /* Sources */ = {
			isa = PBXSourcesBuildPhase;
			buildActionMask = 2147483647;
			files = (
				4B8A2DD820652AC5005B9223 /* VideoView.swift in Sources */,
				4B5AB9AA20698F6900F81A8E /* Annotations.swift in Sources */,
				4B2C42FE206BB2DF00415827 /* NotifyingCanvasView.swift in Sources */,
				4B8A2DBA20651C91005B9223 /* ViewController.swift in Sources */,
				4B989A712068E9FB0070C438 /* CanvasView.swift in Sources */,
				4B989A722068E9FB0070C438 /* Line.swift in Sources */,
				4B8A2DB820651C91005B9223 /* AppDelegate.swift in Sources */,
				4B8A2DDC2065502A005B9223 /* VideoTimelineView.swift in Sources */,
			);
			runOnlyForDeploymentPostprocessing = 0;
		};
		4B8A2DC420651C91005B9223 /* Sources */ = {
			isa = PBXSourcesBuildPhase;
			buildActionMask = 2147483647;
			files = (
				4B8A2DCD20651C91005B9223 /* DrawingInteractionsTests.swift in Sources */,
			);
			runOnlyForDeploymentPostprocessing = 0;
		};
/* End PBXSourcesBuildPhase section */

/* Begin PBXTargetDependency section */
		4B8A2DCA20651C91005B9223 /* PBXTargetDependency */ = {
			isa = PBXTargetDependency;
			target = 4B8A2DB320651C91005B9223 /* DrawingInteractions */;
			targetProxy = 4B8A2DC920651C91005B9223 /* PBXContainerItemProxy */;
		};
/* End PBXTargetDependency section */

/* Begin PBXVariantGroup section */
		4B8A2DBB20651C91005B9223 /* Main.storyboard */ = {
			isa = PBXVariantGroup;
			children = (
				4B8A2DBC20651C91005B9223 /* Base */,
			);
			name = Main.storyboard;
			sourceTree = "<group>";
		};
		4B8A2DC020651C91005B9223 /* LaunchScreen.storyboard */ = {
			isa = PBXVariantGroup;
			children = (
				4B8A2DC120651C91005B9223 /* Base */,
			);
			name = LaunchScreen.storyboard;
			sourceTree = "<group>";
		};
/* End PBXVariantGroup section */

/* Begin XCBuildConfiguration section */
		4B8A2DCF20651C91005B9223 /* Debug */ = {
			isa = XCBuildConfiguration;
			buildSettings = {
				ALWAYS_SEARCH_USER_PATHS = NO;
				CLANG_ANALYZER_NONNULL = YES;
				CLANG_ANALYZER_NUMBER_OBJECT_CONVERSION = YES_AGGRESSIVE;
				CLANG_CXX_LANGUAGE_STANDARD = "gnu++14";
				CLANG_CXX_LIBRARY = "libc++";
				CLANG_ENABLE_MODULES = YES;
				CLANG_ENABLE_OBJC_ARC = YES;
				CLANG_WARN_BLOCK_CAPTURE_AUTORELEASING = YES;
				CLANG_WARN_BOOL_CONVERSION = YES;
				CLANG_WARN_COMMA = YES;
				CLANG_WARN_CONSTANT_CONVERSION = YES;
				CLANG_WARN_DIRECT_OBJC_ISA_USAGE = YES_ERROR;
				CLANG_WARN_DOCUMENTATION_COMMENTS = YES;
				CLANG_WARN_EMPTY_BODY = YES;
				CLANG_WARN_ENUM_CONVERSION = YES;
				CLANG_WARN_INFINITE_RECURSION = YES;
				CLANG_WARN_INT_CONVERSION = YES;
				CLANG_WARN_NON_LITERAL_NULL_CONVERSION = YES;
				CLANG_WARN_OBJC_LITERAL_CONVERSION = YES;
				CLANG_WARN_OBJC_ROOT_CLASS = YES_ERROR;
				CLANG_WARN_RANGE_LOOP_ANALYSIS = YES;
				CLANG_WARN_STRICT_PROTOTYPES = YES;
				CLANG_WARN_SUSPICIOUS_MOVE = YES;
				CLANG_WARN_UNGUARDED_AVAILABILITY = YES_AGGRESSIVE;
				CLANG_WARN_UNREACHABLE_CODE = YES;
				CLANG_WARN__DUPLICATE_METHOD_MATCH = YES;
				CODE_SIGN_IDENTITY = "iPhone Developer";
				COPY_PHASE_STRIP = NO;
				DEBUG_INFORMATION_FORMAT = dwarf;
				ENABLE_STRICT_OBJC_MSGSEND = YES;
				ENABLE_TESTABILITY = YES;
				GCC_C_LANGUAGE_STANDARD = gnu11;
				GCC_DYNAMIC_NO_PIC = NO;
				GCC_NO_COMMON_BLOCKS = YES;
				GCC_OPTIMIZATION_LEVEL = 0;
				GCC_PREPROCESSOR_DEFINITIONS = (
					"DEBUG=1",
					"$(inherited)",
				);
				GCC_WARN_64_TO_32_BIT_CONVERSION = YES;
				GCC_WARN_ABOUT_RETURN_TYPE = YES_ERROR;
				GCC_WARN_UNDECLARED_SELECTOR = YES;
				GCC_WARN_UNINITIALIZED_AUTOS = YES_AGGRESSIVE;
				GCC_WARN_UNUSED_FUNCTION = YES;
				GCC_WARN_UNUSED_VARIABLE = YES;
				IPHONEOS_DEPLOYMENT_TARGET = 11.2;
				MTL_ENABLE_DEBUG_INFO = YES;
				ONLY_ACTIVE_ARCH = YES;
				SDKROOT = iphoneos;
				SWIFT_ACTIVE_COMPILATION_CONDITIONS = DEBUG;
				SWIFT_OPTIMIZATION_LEVEL = "-Onone";
			};
			name = Debug;
		};
		4B8A2DD020651C91005B9223 /* Release */ = {
			isa = XCBuildConfiguration;
			buildSettings = {
				ALWAYS_SEARCH_USER_PATHS = NO;
				CLANG_ANALYZER_NONNULL = YES;
				CLANG_ANALYZER_NUMBER_OBJECT_CONVERSION = YES_AGGRESSIVE;
				CLANG_CXX_LANGUAGE_STANDARD = "gnu++14";
				CLANG_CXX_LIBRARY = "libc++";
				CLANG_ENABLE_MODULES = YES;
				CLANG_ENABLE_OBJC_ARC = YES;
				CLANG_WARN_BLOCK_CAPTURE_AUTORELEASING = YES;
				CLANG_WARN_BOOL_CONVERSION = YES;
				CLANG_WARN_COMMA = YES;
				CLANG_WARN_CONSTANT_CONVERSION = YES;
				CLANG_WARN_DIRECT_OBJC_ISA_USAGE = YES_ERROR;
				CLANG_WARN_DOCUMENTATION_COMMENTS = YES;
				CLANG_WARN_EMPTY_BODY = YES;
				CLANG_WARN_ENUM_CONVERSION = YES;
				CLANG_WARN_INFINITE_RECURSION = YES;
				CLANG_WARN_INT_CONVERSION = YES;
				CLANG_WARN_NON_LITERAL_NULL_CONVERSION = YES;
				CLANG_WARN_OBJC_LITERAL_CONVERSION = YES;
				CLANG_WARN_OBJC_ROOT_CLASS = YES_ERROR;
				CLANG_WARN_RANGE_LOOP_ANALYSIS = YES;
				CLANG_WARN_STRICT_PROTOTYPES = YES;
				CLANG_WARN_SUSPICIOUS_MOVE = YES;
				CLANG_WARN_UNGUARDED_AVAILABILITY = YES_AGGRESSIVE;
				CLANG_WARN_UNREACHABLE_CODE = YES;
				CLANG_WARN__DUPLICATE_METHOD_MATCH = YES;
				CODE_SIGN_IDENTITY = "iPhone Developer";
				COPY_PHASE_STRIP = NO;
				DEBUG_INFORMATION_FORMAT = "dwarf-with-dsym";
				ENABLE_NS_ASSERTIONS = NO;
				ENABLE_STRICT_OBJC_MSGSEND = YES;
				GCC_C_LANGUAGE_STANDARD = gnu11;
				GCC_NO_COMMON_BLOCKS = YES;
				GCC_WARN_64_TO_32_BIT_CONVERSION = YES;
				GCC_WARN_ABOUT_RETURN_TYPE = YES_ERROR;
				GCC_WARN_UNDECLARED_SELECTOR = YES;
				GCC_WARN_UNINITIALIZED_AUTOS = YES_AGGRESSIVE;
				GCC_WARN_UNUSED_FUNCTION = YES;
				GCC_WARN_UNUSED_VARIABLE = YES;
				IPHONEOS_DEPLOYMENT_TARGET = 11.2;
				MTL_ENABLE_DEBUG_INFO = NO;
				SDKROOT = iphoneos;
				SWIFT_OPTIMIZATION_LEVEL = "-Owholemodule";
				VALIDATE_PRODUCT = YES;
			};
			name = Release;
		};
		4B8A2DD220651C91005B9223 /* Debug */ = {
			isa = XCBuildConfiguration;
			buildSettings = {
				ASSETCATALOG_COMPILER_APPICON_NAME = AppIcon;
				CODE_SIGN_STYLE = Automatic;
				DEVELOPMENT_TEAM = XVA8384FUL;
				INFOPLIST_FILE = DrawingInteractions/Info.plist;
				LD_RUNPATH_SEARCH_PATHS = "$(inherited) @executable_path/Frameworks";
				PRODUCT_BUNDLE_IDENTIFIER = net.sparklive.DrawingInteractions;
				PRODUCT_NAME = "$(TARGET_NAME)";
				SWIFT_VERSION = 5.0;
				TARGETED_DEVICE_FAMILY = "1,2";
			};
			name = Debug;
		};
		4B8A2DD320651C91005B9223 /* Release */ = {
			isa = XCBuildConfiguration;
			buildSettings = {
				ASSETCATALOG_COMPILER_APPICON_NAME = AppIcon;
				CODE_SIGN_STYLE = Automatic;
				DEVELOPMENT_TEAM = XVA8384FUL;
				INFOPLIST_FILE = DrawingInteractions/Info.plist;
				LD_RUNPATH_SEARCH_PATHS = "$(inherited) @executable_path/Frameworks";
				PRODUCT_BUNDLE_IDENTIFIER = net.sparklive.DrawingInteractions;
				PRODUCT_NAME = "$(TARGET_NAME)";
				SWIFT_VERSION = 5.0;
				TARGETED_DEVICE_FAMILY = "1,2";
			};
			name = Release;
		};
		4B8A2DD520651C91005B9223 /* Debug */ = {
			isa = XCBuildConfiguration;
			buildSettings = {
				ALWAYS_EMBED_SWIFT_STANDARD_LIBRARIES = YES;
				BUNDLE_LOADER = "$(TEST_HOST)";
				CODE_SIGN_STYLE = Automatic;
				DEVELOPMENT_TEAM = XVA8384FUL;
				INFOPLIST_FILE = DrawingInteractionsTests/Info.plist;
				LD_RUNPATH_SEARCH_PATHS = "$(inherited) @executable_path/Frameworks @loader_path/Frameworks";
				PRODUCT_BUNDLE_IDENTIFIER = net.sparklive.DrawingInteractionsTests;
				PRODUCT_NAME = "$(TARGET_NAME)";
				SWIFT_VERSION = 5.0;
				TARGETED_DEVICE_FAMILY = "1,2";
				TEST_HOST = "$(BUILT_PRODUCTS_DIR)/DrawingInteractions.app/DrawingInteractions";
			};
			name = Debug;
		};
		4B8A2DD620651C91005B9223 /* Release */ = {
			isa = XCBuildConfiguration;
			buildSettings = {
				ALWAYS_EMBED_SWIFT_STANDARD_LIBRARIES = YES;
				BUNDLE_LOADER = "$(TEST_HOST)";
				CODE_SIGN_STYLE = Automatic;
				DEVELOPMENT_TEAM = XVA8384FUL;
				INFOPLIST_FILE = DrawingInteractionsTests/Info.plist;
				LD_RUNPATH_SEARCH_PATHS = "$(inherited) @executable_path/Frameworks @loader_path/Frameworks";
				PRODUCT_BUNDLE_IDENTIFIER = net.sparklive.DrawingInteractionsTests;
				PRODUCT_NAME = "$(TARGET_NAME)";
				SWIFT_VERSION = 5.0;
				TARGETED_DEVICE_FAMILY = "1,2";
				TEST_HOST = "$(BUILT_PRODUCTS_DIR)/DrawingInteractions.app/DrawingInteractions";
			};
			name = Release;
		};
/* End XCBuildConfiguration section */

/* Begin XCConfigurationList section */
		4B8A2DAF20651C91005B9223 /* Build configuration list for PBXProject "DrawingInteractions" */ = {
			isa = XCConfigurationList;
			buildConfigurations = (
				4B8A2DCF20651C91005B9223 /* Debug */,
				4B8A2DD020651C91005B9223 /* Release */,
			);
			defaultConfigurationIsVisible = 0;
			defaultConfigurationName = Release;
		};
		4B8A2DD120651C91005B9223 /* Build configuration list for PBXNativeTarget "DrawingInteractions" */ = {
			isa = XCConfigurationList;
			buildConfigurations = (
				4B8A2DD220651C91005B9223 /* Debug */,
				4B8A2DD320651C91005B9223 /* Release */,
			);
			defaultConfigurationIsVisible = 0;
			defaultConfigurationName = Release;
		};
		4B8A2DD420651C91005B9223 /* Build configuration list for PBXNativeTarget "DrawingInteractionsTests" */ = {
			isa = XCConfigurationList;
			buildConfigurations = (
				4B8A2DD520651C91005B9223 /* Debug */,
				4B8A2DD620651C91005B9223 /* Release */,
			);
			defaultConfigurationIsVisible = 0;
			defaultConfigurationName = Release;
		};
/* End XCConfigurationList section */
	};
	rootObject = 4B8A2DAC20651C91005B9223 /* Project object */;
}
